// !$*UTF8*$!
{
	archiveVersion = 1;
	classes = {
	};
	objectVersion = 55;
	objects = {

/* Begin PBXBuildFile section */
		960EF8832820E8AF00034368 /* FavouritePlacesApp.swift in Sources */ = {isa = PBXBuildFile; fileRef = 960EF8822820E8AF00034368 /* FavouritePlacesApp.swift */; };
		960EF8852820E8AF00034368 /* ContentView.swift in Sources */ = {isa = PBXBuildFile; fileRef = 960EF8842820E8AF00034368 /* ContentView.swift */; };
		960EF8872820E8B200034368 /* Assets.xcassets in Resources */ = {isa = PBXBuildFile; fileRef = 960EF8862820E8B200034368 /* Assets.xcassets */; };
		960EF88A2820E8B200034368 /* Preview Assets.xcassets in Resources */ = {isa = PBXBuildFile; fileRef = 960EF8892820E8B200034368 /* Preview Assets.xcassets */; };
		960EF88C2820E8B200034368 /* Persistence.swift in Sources */ = {isa = PBXBuildFile; fileRef = 960EF88B2820E8B200034368 /* Persistence.swift */; };
		960EF88F2820E8B200034368 /* FavouritePlaces.xcdatamodeld in Sources */ = {isa = PBXBuildFile; fileRef = 960EF88D2820E8B200034368 /* FavouritePlaces.xcdatamodeld */; };
		960EF8992820E8B200034368 /* FavouritePlacesTests.swift in Sources */ = {isa = PBXBuildFile; fileRef = 960EF8982820E8B200034368 /* FavouritePlacesTests.swift */; };
		960EF8A32820E8B200034368 /* FavouritePlacesUITests.swift in Sources */ = {isa = PBXBuildFile; fileRef = 960EF8A22820E8B200034368 /* FavouritePlacesUITests.swift */; };
		960EF8A52820E8B200034368 /* FavouritePlacesUITestsLaunchTests.swift in Sources */ = {isa = PBXBuildFile; fileRef = 960EF8A42820E8B200034368 /* FavouritePlacesUITestsLaunchTests.swift */; };
		960EF8B32820F49A00034368 /* Place+CoreDataClass.swift in Sources */ = {isa = PBXBuildFile; fileRef = 960EF8B12820F49A00034368 /* Place+CoreDataClass.swift */; };
		960EF8B42820F49A00034368 /* Place+CoreDataProperties.swift in Sources */ = {isa = PBXBuildFile; fileRef = 960EF8B22820F49A00034368 /* Place+CoreDataProperties.swift */; };
/* End PBXBuildFile section */

/* Begin PBXContainerItemProxy section */
		960EF8952820E8B200034368 /* PBXContainerItemProxy */ = {
			isa = PBXContainerItemProxy;
			containerPortal = 960EF8772820E8AF00034368 /* Project object */;
			proxyType = 1;
			remoteGlobalIDString = 960EF87E2820E8AF00034368;
			remoteInfo = FavouritePlaces;
		};
		960EF89F2820E8B200034368 /* PBXContainerItemProxy */ = {
			isa = PBXContainerItemProxy;
			containerPortal = 960EF8772820E8AF00034368 /* Project object */;
			proxyType = 1;
			remoteGlobalIDString = 960EF87E2820E8AF00034368;
			remoteInfo = FavouritePlaces;
		};
/* End PBXContainerItemProxy section */

/* Begin PBXFileReference section */
		960EF87F2820E8AF00034368 /* FavouritePlaces.app */ = {isa = PBXFileReference; explicitFileType = wrapper.application; includeInIndex = 0; path = FavouritePlaces.app; sourceTree = BUILT_PRODUCTS_DIR; };
		960EF8822820E8AF00034368 /* FavouritePlacesApp.swift */ = {isa = PBXFileReference; lastKnownFileType = sourcecode.swift; path = FavouritePlacesApp.swift; sourceTree = "<group>"; };
		960EF8842820E8AF00034368 /* ContentView.swift */ = {isa = PBXFileReference; lastKnownFileType = sourcecode.swift; path = ContentView.swift; sourceTree = "<group>"; };
		960EF8862820E8B200034368 /* Assets.xcassets */ = {isa = PBXFileReference; lastKnownFileType = folder.assetcatalog; path = Assets.xcassets; sourceTree = "<group>"; };
		960EF8892820E8B200034368 /* Preview Assets.xcassets */ = {isa = PBXFileReference; lastKnownFileType = folder.assetcatalog; path = "Preview Assets.xcassets"; sourceTree = "<group>"; };
		960EF88B2820E8B200034368 /* Persistence.swift */ = {isa = PBXFileReference; lastKnownFileType = sourcecode.swift; path = Persistence.swift; sourceTree = "<group>"; };
		960EF88E2820E8B200034368 /* FavouritePlaces.xcdatamodel */ = {isa = PBXFileReference; lastKnownFileType = wrapper.xcdatamodel; path = FavouritePlaces.xcdatamodel; sourceTree = "<group>"; };
		960EF8942820E8B200034368 /* FavouritePlacesTests.xctest */ = {isa = PBXFileReference; explicitFileType = wrapper.cfbundle; includeInIndex = 0; path = FavouritePlacesTests.xctest; sourceTree = BUILT_PRODUCTS_DIR; };
		960EF8982820E8B200034368 /* FavouritePlacesTests.swift */ = {isa = PBXFileReference; lastKnownFileType = sourcecode.swift; path = FavouritePlacesTests.swift; sourceTree = "<group>"; };
		960EF89E2820E8B200034368 /* FavouritePlacesUITests.xctest */ = {isa = PBXFileReference; explicitFileType = wrapper.cfbundle; includeInIndex = 0; path = FavouritePlacesUITests.xctest; sourceTree = BUILT_PRODUCTS_DIR; };
		960EF8A22820E8B200034368 /* FavouritePlacesUITests.swift */ = {isa = PBXFileReference; lastKnownFileType = sourcecode.swift; path = FavouritePlacesUITests.swift; sourceTree = "<group>"; };
		960EF8A42820E8B200034368 /* FavouritePlacesUITestsLaunchTests.swift */ = {isa = PBXFileReference; lastKnownFileType = sourcecode.swift; path = FavouritePlacesUITestsLaunchTests.swift; sourceTree = "<group>"; };
		960EF8B12820F49A00034368 /* Place+CoreDataClass.swift */ = {isa = PBXFileReference; lastKnownFileType = sourcecode.swift; name = "Place+CoreDataClass.swift"; path = "FavouritePlaces/Generated/Place+CoreDataClass.swift"; sourceTree = "<group>"; };
		960EF8B22820F49A00034368 /* Place+CoreDataProperties.swift */ = {isa = PBXFileReference; lastKnownFileType = sourcecode.swift; name = "Place+CoreDataProperties.swift"; path = "FavouritePlaces/Generated/Place+CoreDataProperties.swift"; sourceTree = "<group>"; };
/* End PBXFileReference section */

/* Begin PBXFrameworksBuildPhase section */
		960EF87C2820E8AF00034368 /* Frameworks */ = {
			isa = PBXFrameworksBuildPhase;
			buildActionMask = 2147483647;
			files = (
			);
			runOnlyForDeploymentPostprocessing = 0;
		};
		960EF8912820E8B200034368 /* Frameworks */ = {
			isa = PBXFrameworksBuildPhase;
			buildActionMask = 2147483647;
			files = (
			);
			runOnlyForDeploymentPostprocessing = 0;
		};
		960EF89B2820E8B200034368 /* Frameworks */ = {
			isa = PBXFrameworksBuildPhase;
			buildActionMask = 2147483647;
			files = (
			);
			runOnlyForDeploymentPostprocessing = 0;
		};
/* End PBXFrameworksBuildPhase section */

/* Begin PBXGroup section */
		960EF8762820E8AF00034368 = {
			isa = PBXGroup;
			children = (
				960EF8B12820F49A00034368 /* Place+CoreDataClass.swift */,
				960EF8B22820F49A00034368 /* Place+CoreDataProperties.swift */,
				960EF8812820E8AF00034368 /* FavouritePlaces */,
				960EF8972820E8B200034368 /* FavouritePlacesTests */,
				960EF8A12820E8B200034368 /* FavouritePlacesUITests */,
				960EF8802820E8AF00034368 /* Products */,
			);
			sourceTree = "<group>";
		};
		960EF8802820E8AF00034368 /* Products */ = {
			isa = PBXGroup;
			children = (
				960EF87F2820E8AF00034368 /* FavouritePlaces.app */,
				960EF8942820E8B200034368 /* FavouritePlacesTests.xctest */,
				960EF89E2820E8B200034368 /* FavouritePlacesUITests.xctest */,
			);
			name = Products;
			sourceTree = "<group>";
		};
		960EF8812820E8AF00034368 /* FavouritePlaces */ = {
			isa = PBXGroup;
			children = (
				960EF8822820E8AF00034368 /* FavouritePlacesApp.swift */,
				960EF8842820E8AF00034368 /* ContentView.swift */,
				960EF8862820E8B200034368 /* Assets.xcassets */,
				960EF88B2820E8B200034368 /* Persistence.swift */,
				960EF88D2820E8B200034368 /* FavouritePlaces.xcdatamodeld */,
				960EF8882820E8B200034368 /* Preview Content */,
			);
			path = FavouritePlaces;
			sourceTree = "<group>";
		};
		960EF8882820E8B200034368 /* Preview Content */ = {
			isa = PBXGroup;
			children = (
				960EF8892820E8B200034368 /* Preview Assets.xcassets */,
			);
			path = "Preview Content";
			sourceTree = "<group>";
		};
		960EF8972820E8B200034368 /* FavouritePlacesTests */ = {
			isa = PBXGroup;
			children = (
				960EF8982820E8B200034368 /* FavouritePlacesTests.swift */,
			);
			path = FavouritePlacesTests;
			sourceTree = "<group>";
		};
		960EF8A12820E8B200034368 /* FavouritePlacesUITests */ = {
			isa = PBXGroup;
			children = (
				960EF8A22820E8B200034368 /* FavouritePlacesUITests.swift */,
				960EF8A42820E8B200034368 /* FavouritePlacesUITestsLaunchTests.swift */,
			);
			path = FavouritePlacesUITests;
			sourceTree = "<group>";
		};
/* End PBXGroup section */

/* Begin PBXNativeTarget section */
		960EF87E2820E8AF00034368 /* FavouritePlaces */ = {
			isa = PBXNativeTarget;
			buildConfigurationList = 960EF8A82820E8B200034368 /* Build configuration list for PBXNativeTarget "FavouritePlaces" */;
			buildPhases = (
				960EF87B2820E8AF00034368 /* Sources */,
				960EF87C2820E8AF00034368 /* Frameworks */,
				960EF87D2820E8AF00034368 /* Resources */,
			);
			buildRules = (
			);
			dependencies = (
			);
			name = FavouritePlaces;
			productName = FavouritePlaces;
			productReference = 960EF87F2820E8AF00034368 /* FavouritePlaces.app */;
			productType = "com.apple.product-type.application";
		};
		960EF8932820E8B200034368 /* FavouritePlacesTests */ = {
			isa = PBXNativeTarget;
			buildConfigurationList = 960EF8AB2820E8B200034368 /* Build configuration list for PBXNativeTarget "FavouritePlacesTests" */;
			buildPhases = (
				960EF8902820E8B200034368 /* Sources */,
				960EF8912820E8B200034368 /* Frameworks */,
				960EF8922820E8B200034368 /* Resources */,
			);
			buildRules = (
			);
			dependencies = (
				960EF8962820E8B200034368 /* PBXTargetDependency */,
			);
			name = FavouritePlacesTests;
			productName = FavouritePlacesTests;
			productReference = 960EF8942820E8B200034368 /* FavouritePlacesTests.xctest */;
			productType = "com.apple.product-type.bundle.unit-test";
		};
		960EF89D2820E8B200034368 /* FavouritePlacesUITests */ = {
			isa = PBXNativeTarget;
			buildConfigurationList = 960EF8AE2820E8B200034368 /* Build configuration list for PBXNativeTarget "FavouritePlacesUITests" */;
			buildPhases = (
				960EF89A2820E8B200034368 /* Sources */,
				960EF89B2820E8B200034368 /* Frameworks */,
				960EF89C2820E8B200034368 /* Resources */,
			);
			buildRules = (
			);
			dependencies = (
				960EF8A02820E8B200034368 /* PBXTargetDependency */,
			);
			name = FavouritePlacesUITests;
			productName = FavouritePlacesUITests;
			productReference = 960EF89E2820E8B200034368 /* FavouritePlacesUITests.xctest */;
			productType = "com.apple.product-type.bundle.ui-testing";
		};
/* End PBXNativeTarget section */

/* Begin PBXProject section */
		960EF8772820E8AF00034368 /* Project object */ = {
			isa = PBXProject;
			attributes = {
				BuildIndependentTargetsInParallel = 1;
				LastSwiftUpdateCheck = 1330;
				LastUpgradeCheck = 1330;
				TargetAttributes = {
					960EF87E2820E8AF00034368 = {
						CreatedOnToolsVersion = 13.3;
					};
					960EF8932820E8B200034368 = {
						CreatedOnToolsVersion = 13.3;
						TestTargetID = 960EF87E2820E8AF00034368;
					};
					960EF89D2820E8B200034368 = {
						CreatedOnToolsVersion = 13.3;
						TestTargetID = 960EF87E2820E8AF00034368;
					};
				};
			};
			buildConfigurationList = 960EF87A2820E8AF00034368 /* Build configuration list for PBXProject "FavouritePlaces" */;
			compatibilityVersion = "Xcode 13.0";
			developmentRegion = en;
			hasScannedForEncodings = 0;
			knownRegions = (
				en,
				Base,
			);
			mainGroup = 960EF8762820E8AF00034368;
			productRefGroup = 960EF8802820E8AF00034368 /* Products */;
			projectDirPath = "";
			projectRoot = "";
			targets = (
				960EF87E2820E8AF00034368 /* FavouritePlaces */,
				960EF8932820E8B200034368 /* FavouritePlacesTests */,
				960EF89D2820E8B200034368 /* FavouritePlacesUITests */,
			);
		};
/* End PBXProject section */

/* Begin PBXResourcesBuildPhase section */
		960EF87D2820E8AF00034368 /* Resources */ = {
			isa = PBXResourcesBuildPhase;
			buildActionMask = 2147483647;
			files = (
				960EF88A2820E8B200034368 /* Preview Assets.xcassets in Resources */,
				960EF8872820E8B200034368 /* Assets.xcassets in Resources */,
			);
			runOnlyForDeploymentPostprocessing = 0;
		};
		960EF8922820E8B200034368 /* Resources */ = {
			isa = PBXResourcesBuildPhase;
			buildActionMask = 2147483647;
			files = (
			);
			runOnlyForDeploymentPostprocessing = 0;
		};
		960EF89C2820E8B200034368 /* Resources */ = {
			isa = PBXResourcesBuildPhase;
			buildActionMask = 2147483647;
			files = (
			);
			runOnlyForDeploymentPostprocessing = 0;
		};
/* End PBXResourcesBuildPhase section */

/* Begin PBXSourcesBuildPhase section */
		960EF87B2820E8AF00034368 /* Sources */ = {
			isa = PBXSourcesBuildPhase;
			buildActionMask = 2147483647;
			files = (
				960EF8B32820F49A00034368 /* Place+CoreDataClass.swift in Sources */,
				960EF8B42820F49A00034368 /* Place+CoreDataProperties.swift in Sources */,
				960EF88C2820E8B200034368 /* Persistence.swift in Sources */,
				960EF88F2820E8B200034368 /* FavouritePlaces.xcdatamodeld in Sources */,
				960EF8852820E8AF00034368 /* ContentView.swift in Sources */,
				960EF8832820E8AF00034368 /* FavouritePlacesApp.swift in Sources */,
			);
			runOnlyForDeploymentPostprocessing = 0;
		};
		960EF8902820E8B200034368 /* Sources */ = {
			isa = PBXSourcesBuildPhase;
			buildActionMask = 2147483647;
			files = (
				960EF8992820E8B200034368 /* FavouritePlacesTests.swift in Sources */,
			);
			runOnlyForDeploymentPostprocessing = 0;
		};
		960EF89A2820E8B200034368 /* Sources */ = {
			isa = PBXSourcesBuildPhase;
			buildActionMask = 2147483647;
			files = (
				960EF8A52820E8B200034368 /* FavouritePlacesUITestsLaunchTests.swift in Sources */,
				960EF8A32820E8B200034368 /* FavouritePlacesUITests.swift in Sources */,
			);
			runOnlyForDeploymentPostprocessing = 0;
		};
/* End PBXSourcesBuildPhase section */

/* Begin PBXTargetDependency section */
		960EF8962820E8B200034368 /* PBXTargetDependency */ = {
			isa = PBXTargetDependency;
			target = 960EF87E2820E8AF00034368 /* FavouritePlaces */;
			targetProxy = 960EF8952820E8B200034368 /* PBXContainerItemProxy */;
		};
		960EF8A02820E8B200034368 /* PBXTargetDependency */ = {
			isa = PBXTargetDependency;
			target = 960EF87E2820E8AF00034368 /* FavouritePlaces */;
			targetProxy = 960EF89F2820E8B200034368 /* PBXContainerItemProxy */;
		};
/* End PBXTargetDependency section */

/* Begin XCBuildConfiguration section */
		960EF8A62820E8B200034368 /* Debug */ = {
			isa = XCBuildConfiguration;
			buildSettings = {
				ALWAYS_SEARCH_USER_PATHS = NO;
				CLANG_ANALYZER_NONNULL = YES;
				CLANG_ANALYZER_NUMBER_OBJECT_CONVERSION = YES_AGGRESSIVE;
				CLANG_CXX_LANGUAGE_STANDARD = "gnu++17";
				CLANG_ENABLE_MODULES = YES;
				CLANG_ENABLE_OBJC_ARC = YES;
				CLANG_ENABLE_OBJC_WEAK = YES;
				CLANG_WARN_BLOCK_CAPTURE_AUTORELEASING = YES;
				CLANG_WARN_BOOL_CONVERSION = YES;
				CLANG_WARN_COMMA = YES;
				CLANG_WARN_CONSTANT_CONVERSION = YES;
				CLANG_WARN_DEPRECATED_OBJC_IMPLEMENTATIONS = YES;
				CLANG_WARN_DIRECT_OBJC_ISA_USAGE = YES_ERROR;
				CLANG_WARN_DOCUMENTATION_COMMENTS = YES;
				CLANG_WARN_EMPTY_BODY = YES;
				CLANG_WARN_ENUM_CONVERSION = YES;
				CLANG_WARN_INFINITE_RECURSION = YES;
				CLANG_WARN_INT_CONVERSION = YES;
				CLANG_WARN_NON_LITERAL_NULL_CONVERSION = YES;
				CLANG_WARN_OBJC_IMPLICIT_RETAIN_SELF = YES;
				CLANG_WARN_OBJC_LITERAL_CONVERSION = YES;
				CLANG_WARN_OBJC_ROOT_CLASS = YES_ERROR;
				CLANG_WARN_QUOTED_INCLUDE_IN_FRAMEWORK_HEADER = YES;
				CLANG_WARN_RANGE_LOOP_ANALYSIS = YES;
				CLANG_WARN_STRICT_PROTOTYPES = YES;
				CLANG_WARN_SUSPICIOUS_MOVE = YES;
				CLANG_WARN_UNGUARDED_AVAILABILITY = YES_AGGRESSIVE;
				CLANG_WARN_UNREACHABLE_CODE = YES;
				CLANG_WARN__DUPLICATE_METHOD_MATCH = YES;
				COPY_PHASE_STRIP = NO;
				DEBUG_INFORMATION_FORMAT = dwarf;
				ENABLE_STRICT_OBJC_MSGSEND = YES;
				ENABLE_TESTABILITY = YES;
				GCC_C_LANGUAGE_STANDARD = gnu11;
				GCC_DYNAMIC_NO_PIC = NO;
				GCC_NO_COMMON_BLOCKS = YES;
				GCC_OPTIMIZATION_LEVEL = 0;
				GCC_PREPROCESSOR_DEFINITIONS = (
					"DEBUG=1",
					"$(inherited)",
				);
				GCC_WARN_64_TO_32_BIT_CONVERSION = YES;
				GCC_WARN_ABOUT_RETURN_TYPE = YES_ERROR;
				GCC_WARN_UNDECLARED_SELECTOR = YES;
				GCC_WARN_UNINITIALIZED_AUTOS = YES_AGGRESSIVE;
				GCC_WARN_UNUSED_FUNCTION = YES;
				GCC_WARN_UNUSED_VARIABLE = YES;
				IPHONEOS_DEPLOYMENT_TARGET = 15.4;
				MTL_ENABLE_DEBUG_INFO = INCLUDE_SOURCE;
				MTL_FAST_MATH = YES;
				ONLY_ACTIVE_ARCH = YES;
				SDKROOT = iphoneos;
				SWIFT_ACTIVE_COMPILATION_CONDITIONS = DEBUG;
				SWIFT_OPTIMIZATION_LEVEL = "-Onone";
			};
			name = Debug;
		};
		960EF8A72820E8B200034368 /* Release */ = {
			isa = XCBuildConfiguration;
			buildSettings = {
				ALWAYS_SEARCH_USER_PATHS = NO;
				CLANG_ANALYZER_NONNULL = YES;
				CLANG_ANALYZER_NUMBER_OBJECT_CONVERSION = YES_AGGRESSIVE;
				CLANG_CXX_LANGUAGE_STANDARD = "gnu++17";
				CLANG_ENABLE_MODULES = YES;
				CLANG_ENABLE_OBJC_ARC = YES;
				CLANG_ENABLE_OBJC_WEAK = YES;
				CLANG_WARN_BLOCK_CAPTURE_AUTORELEASING = YES;
				CLANG_WARN_BOOL_CONVERSION = YES;
				CLANG_WARN_COMMA = YES;
				CLANG_WARN_CONSTANT_CONVERSION = YES;
				CLANG_WARN_DEPRECATED_OBJC_IMPLEMENTATIONS = YES;
				CLANG_WARN_DIRECT_OBJC_ISA_USAGE = YES_ERROR;
				CLANG_WARN_DOCUMENTATION_COMMENTS = YES;
				CLANG_WARN_EMPTY_BODY = YES;
				CLANG_WARN_ENUM_CONVERSION = YES;
				CLANG_WARN_INFINITE_RECURSION = YES;
				CLANG_WARN_INT_CONVERSION = YES;
				CLANG_WARN_NON_LITERAL_NULL_CONVERSION = YES;
				CLANG_WARN_OBJC_IMPLICIT_RETAIN_SELF = YES;
				CLANG_WARN_OBJC_LITERAL_CONVERSION = YES;
				CLANG_WARN_OBJC_ROOT_CLASS = YES_ERROR;
				CLANG_WARN_QUOTED_INCLUDE_IN_FRAMEWORK_HEADER = YES;
				CLANG_WARN_RANGE_LOOP_ANALYSIS = YES;
				CLANG_WARN_STRICT_PROTOTYPES = YES;
				CLANG_WARN_SUSPICIOUS_MOVE = YES;
				CLANG_WARN_UNGUARDED_AVAILABILITY = YES_AGGRESSIVE;
				CLANG_WARN_UNREACHABLE_CODE = YES;
				CLANG_WARN__DUPLICATE_METHOD_MATCH = YES;
				COPY_PHASE_STRIP = NO;
				DEBUG_INFORMATION_FORMAT = "dwarf-with-dsym";
				ENABLE_NS_ASSERTIONS = NO;
				ENABLE_STRICT_OBJC_MSGSEND = YES;
				GCC_C_LANGUAGE_STANDARD = gnu11;
				GCC_NO_COMMON_BLOCKS = YES;
				GCC_WARN_64_TO_32_BIT_CONVERSION = YES;
				GCC_WARN_ABOUT_RETURN_TYPE = YES_ERROR;
				GCC_WARN_UNDECLARED_SELECTOR = YES;
				GCC_WARN_UNINITIALIZED_AUTOS = YES_AGGRESSIVE;
				GCC_WARN_UNUSED_FUNCTION = YES;
				GCC_WARN_UNUSED_VARIABLE = YES;
				IPHONEOS_DEPLOYMENT_TARGET = 15.4;
				MTL_ENABLE_DEBUG_INFO = NO;
				MTL_FAST_MATH = YES;
				SDKROOT = iphoneos;
				SWIFT_COMPILATION_MODE = wholemodule;
				SWIFT_OPTIMIZATION_LEVEL = "-O";
				VALIDATE_PRODUCT = YES;
			};
			name = Release;
		};
		960EF8A92820E8B200034368 /* Debug */ = {
			isa = XCBuildConfiguration;
			buildSettings = {
				ASSETCATALOG_COMPILER_APPICON_NAME = AppIcon;
				ASSETCATALOG_COMPILER_GLOBAL_ACCENT_COLOR_NAME = AccentColor;
				CODE_SIGN_STYLE = Automatic;
				CURRENT_PROJECT_VERSION = 1;
				DEVELOPMENT_ASSET_PATHS = "\"FavouritePlaces/Preview Content\"";
				DEVELOPMENT_TEAM = 9NZ4C3NC77;
				ENABLE_PREVIEWS = YES;
				GENERATE_INFOPLIST_FILE = YES;
				INFOPLIST_KEY_UIApplicationSceneManifest_Generation = YES;
				INFOPLIST_KEY_UIApplicationSupportsIndirectInputEvents = YES;
				INFOPLIST_KEY_UILaunchScreen_Generation = YES;
				INFOPLIST_KEY_UISupportedInterfaceOrientations_iPad = "UIInterfaceOrientationPortrait UIInterfaceOrientationPortraitUpsideDown UIInterfaceOrientationLandscapeLeft UIInterfaceOrientationLandscapeRight";
				INFOPLIST_KEY_UISupportedInterfaceOrientations_iPhone = "UIInterfaceOrientationPortrait UIInterfaceOrientationLandscapeLeft UIInterfaceOrientationLandscapeRight";
				LD_RUNPATH_SEARCH_PATHS = (
					"$(inherited)",
					"@executable_path/Frameworks",
				);
				MARKETING_VERSION = 1.0;
				PRODUCT_BUNDLE_IDENTIFIER = beidsjosh.FavouritePlaces;
				PRODUCT_NAME = "$(TARGET_NAME)";
				SWIFT_EMIT_LOC_STRINGS = YES;
				SWIFT_VERSION = 5.0;
				TARGETED_DEVICE_FAMILY = "1,2";
			};
			name = Debug;
		};
		960EF8AA2820E8B200034368 /* Release */ = {
			isa = XCBuildConfiguration;
			buildSettings = {
				ASSETCATALOG_COMPILER_APPICON_NAME = AppIcon;
				ASSETCATALOG_COMPILER_GLOBAL_ACCENT_COLOR_NAME = AccentColor;
				CODE_SIGN_STYLE = Automatic;
				CURRENT_PROJECT_VERSION = 1;
				DEVELOPMENT_ASSET_PATHS = "\"FavouritePlaces/Preview Content\"";
				DEVELOPMENT_TEAM = 9NZ4C3NC77;
				ENABLE_PREVIEWS = YES;
				GENERATE_INFOPLIST_FILE = YES;
				INFOPLIST_KEY_UIApplicationSceneManifest_Generation = YES;
				INFOPLIST_KEY_UIApplicationSupportsIndirectInputEvents = YES;
				INFOPLIST_KEY_UILaunchScreen_Generation = YES;
				INFOPLIST_KEY_UISupportedInterfaceOrientations_iPad = "UIInterfaceOrientationPortrait UIInterfaceOrientationPortraitUpsideDown UIInterfaceOrientationLandscapeLeft UIInterfaceOrientationLandscapeRight";
				INFOPLIST_KEY_UISupportedInterfaceOrientations_iPhone = "UIInterfaceOrientationPortrait UIInterfaceOrientationLandscapeLeft UIInterfaceOrientationLandscapeRight";
				LD_RUNPATH_SEARCH_PATHS = (
					"$(inherited)",
					"@executable_path/Frameworks",
				);
				MARKETING_VERSION = 1.0;
				PRODUCT_BUNDLE_IDENTIFIER = beidsjosh.FavouritePlaces;
				PRODUCT_NAME = "$(TARGET_NAME)";
				SWIFT_EMIT_LOC_STRINGS = YES;
				SWIFT_VERSION = 5.0;
				TARGETED_DEVICE_FAMILY = "1,2";
			};
			name = Release;
		};
		960EF8AC2820E8B200034368 /* Debug */ = {
			isa = XCBuildConfiguration;
			buildSettings = {
				ALWAYS_EMBED_SWIFT_STANDARD_LIBRARIES = YES;
				BUNDLE_LOADER = "$(TEST_HOST)";
				CODE_SIGN_STYLE = Automatic;
				CURRENT_PROJECT_VERSION = 1;
				DEVELOPMENT_TEAM = 9NZ4C3NC77;
				GENERATE_INFOPLIST_FILE = YES;
				IPHONEOS_DEPLOYMENT_TARGET = 15.4;
				MARKETING_VERSION = 1.0;
				PRODUCT_BUNDLE_IDENTIFIER = beidsjosh.FavouritePlacesTests;
				PRODUCT_NAME = "$(TARGET_NAME)";
				SWIFT_EMIT_LOC_STRINGS = NO;
				SWIFT_VERSION = 5.0;
				TARGETED_DEVICE_FAMILY = "1,2";
				TEST_HOST = "$(BUILT_PRODUCTS_DIR)/FavouritePlaces.app/FavouritePlaces";
			};
			name = Debug;
		};
		960EF8AD2820E8B200034368 /* Release */ = {
			isa = XCBuildConfiguration;
			buildSettings = {
				ALWAYS_EMBED_SWIFT_STANDARD_LIBRARIES = YES;
				BUNDLE_LOADER = "$(TEST_HOST)";
				CODE_SIGN_STYLE = Automatic;
				CURRENT_PROJECT_VERSION = 1;
				DEVELOPMENT_TEAM = 9NZ4C3NC77;
				GENERATE_INFOPLIST_FILE = YES;
				IPHONEOS_DEPLOYMENT_TARGET = 15.4;
				MARKETING_VERSION = 1.0;
				PRODUCT_BUNDLE_IDENTIFIER = beidsjosh.FavouritePlacesTests;
				PRODUCT_NAME = "$(TARGET_NAME)";
				SWIFT_EMIT_LOC_STRINGS = NO;
				SWIFT_VERSION = 5.0;
				TARGETED_DEVICE_FAMILY = "1,2";
				TEST_HOST = "$(BUILT_PRODUCTS_DIR)/FavouritePlaces.app/FavouritePlaces";
			};
			name = Release;
		};
		960EF8AF2820E8B200034368 /* Debug */ = {
			isa = XCBuildConfiguration;
			buildSettings = {
				ALWAYS_EMBED_SWIFT_STANDARD_LIBRARIES = YES;
				CODE_SIGN_STYLE = Automatic;
				CURRENT_PROJECT_VERSION = 1;
				DEVELOPMENT_TEAM = 9NZ4C3NC77;
				GENERATE_INFOPLIST_FILE = YES;
				MARKETING_VERSION = 1.0;
				PRODUCT_BUNDLE_IDENTIFIER = beidsjosh.FavouritePlacesUITests;
				PRODUCT_NAME = "$(TARGET_NAME)";
				SWIFT_EMIT_LOC_STRINGS = NO;
				SWIFT_VERSION = 5.0;
				TARGETED_DEVICE_FAMILY = "1,2";
				TEST_TARGET_NAME = FavouritePlaces;
			};
			name = Debug;
		};
		960EF8B02820E8B200034368 /* Release */ = {
			isa = XCBuildConfiguration;
			buildSettings = {
				ALWAYS_EMBED_SWIFT_STANDARD_LIBRARIES = YES;
				CODE_SIGN_STYLE = Automatic;
				CURRENT_PROJECT_VERSION = 1;
				DEVELOPMENT_TEAM = 9NZ4C3NC77;
				GENERATE_INFOPLIST_FILE = YES;
				MARKETING_VERSION = 1.0;
				PRODUCT_BUNDLE_IDENTIFIER = beidsjosh.FavouritePlacesUITests;
				PRODUCT_NAME = "$(TARGET_NAME)";
				SWIFT_EMIT_LOC_STRINGS = NO;
				SWIFT_VERSION = 5.0;
				TARGETED_DEVICE_FAMILY = "1,2";
				TEST_TARGET_NAME = FavouritePlaces;
			};
			name = Release;
		};
/* End XCBuildConfiguration section */

/* Begin XCConfigurationList section */
		960EF87A2820E8AF00034368 /* Build configuration list for PBXProject "FavouritePlaces" */ = {
			isa = XCConfigurationList;
			buildConfigurations = (
				960EF8A62820E8B200034368 /* Debug */,
				960EF8A72820E8B200034368 /* Release */,
			);
			defaultConfigurationIsVisible = 0;
			defaultConfigurationName = Release;
		};
		960EF8A82820E8B200034368 /* Build configuration list for PBXNativeTarget "FavouritePlaces" */ = {
			isa = XCConfigurationList;
			buildConfigurations = (
				960EF8A92820E8B200034368 /* Debug */,
				960EF8AA2820E8B200034368 /* Release */,
			);
			defaultConfigurationIsVisible = 0;
			defaultConfigurationName = Release;
		};
		960EF8AB2820E8B200034368 /* Build configuration list for PBXNativeTarget "FavouritePlacesTests" */ = {
			isa = XCConfigurationList;
			buildConfigurations = (
				960EF8AC2820E8B200034368 /* Debug */,
				960EF8AD2820E8B200034368 /* Release */,
			);
			defaultConfigurationIsVisible = 0;
			defaultConfigurationName = Release;
		};
		960EF8AE2820E8B200034368 /* Build configuration list for PBXNativeTarget "FavouritePlacesUITests" */ = {
			isa = XCConfigurationList;
			buildConfigurations = (
				960EF8AF2820E8B200034368 /* Debug */,
				960EF8B02820E8B200034368 /* Release */,
			);
			defaultConfigurationIsVisible = 0;
			defaultConfigurationName = Release;
		};
/* End XCConfigurationList section */

/* Begin XCVersionGroup section */
		960EF88D2820E8B200034368 /* FavouritePlaces.xcdatamodeld */ = {
			isa = XCVersionGroup;
			children = (
				960EF88E2820E8B200034368 /* FavouritePlaces.xcdatamodel */,
			);
			currentVersion = 960EF88E2820E8B200034368 /* FavouritePlaces.xcdatamodel */;
			path = FavouritePlaces.xcdatamodeld;
			sourceTree = "<group>";
			versionGroupType = wrapper.xcdatamodel;
		};
/* End XCVersionGroup section */
	};
	rootObject = 960EF8772820E8AF00034368 /* Project object */;
}
